
Microsoft Visual Studio Solution File, Format Version 11.00
# Visual Studio 2010
Project("{FAE04EC0-301F-11D3-BF4B-00C04F79EFBC}") = "CartProvider", "CartProvider.csproj", "{18B26693-FFB9-4C88-932A-1F2F7E6C5EFB}"
EndProject
Global
	GlobalSection(SolutionConfigurationPlatforms) = preSolution
		Debug|Any CPU = Debug|Any CPU
		Release|Any CPU = Release|Any CPU
	EndGlobalSection
	GlobalSection(ProjectConfigurationPlatforms) = postSolution
		{18B26693-FFB9-4C88-932A-1F2F7E6C5EFB}.Debug|Any CPU.ActiveCfg = Debug|Any CPU
		{18B26693-FFB9-4C88-932A-1F2F7E6C5EFB}.Debug|Any CPU.Build.0 = Debug|Any CPU
		{18B26693-FFB9-4C88-932A-1F2F7E6C5EFB}.Release|Any CPU.ActiveCfg = Release|Any CPU
		{18B26693-FFB9-4C88-932A-1F2F7E6C5EFB}.Release|Any CPU.Build.0 = Release|Any CPU
	EndGlobalSection
	GlobalSection(SolutionProperties) = preSolution
		HideSolutionNode = FALSE
	EndGlobalSection
EndGlobal
